// !$*UTF8*$!
{
	archiveVersion = 1;
	classes = {
	};
	objectVersion = 46;
	objects = {

/* Begin PBXBuildFile section */
		313B1D131D74127D00F7BCFB /* AppDelegate.swift in Sources */ = {isa = PBXBuildFile; fileRef = 313B1D121D74127D00F7BCFB /* AppDelegate.swift */; };
		313B1D151D74127D00F7BCFB /* ViewController.swift in Sources */ = {isa = PBXBuildFile; fileRef = 313B1D141D74127D00F7BCFB /* ViewController.swift */; };
		313B1D181D74127D00F7BCFB /* Main.storyboard in Resources */ = {isa = PBXBuildFile; fileRef = 313B1D161D74127D00F7BCFB /* Main.storyboard */; };
		313B1D1A1D74127D00F7BCFB /* Assets.xcassets in Resources */ = {isa = PBXBuildFile; fileRef = 313B1D191D74127D00F7BCFB /* Assets.xcassets */; };
		313B1D1D1D74127D00F7BCFB /* LaunchScreen.storyboard in Resources */ = {isa = PBXBuildFile; fileRef = 313B1D1B1D74127D00F7BCFB /* LaunchScreen.storyboard */; };
		313B1D281D74127D00F7BCFB /* HelloiOSTests.swift in Sources */ = {isa = PBXBuildFile; fileRef = 313B1D271D74127D00F7BCFB /* HelloiOSTests.swift */; };
		313B1D331D74127D00F7BCFB /* HelloiOSUITests.swift in Sources */ = {isa = PBXBuildFile; fileRef = 313B1D321D74127D00F7BCFB /* HelloiOSUITests.swift */; };
/* End PBXBuildFile section */

/* Begin PBXContainerItemProxy section */
		313B1D241D74127D00F7BCFB /* PBXContainerItemProxy */ = {
			isa = PBXContainerItemProxy;
			containerPortal = 313B1D071D74127D00F7BCFB /* Project object */;
			proxyType = 1;
			remoteGlobalIDString = 313B1D0E1D74127D00F7BCFB;
			remoteInfo = HelloiOS;
		};
		313B1D2F1D74127D00F7BCFB /* PBXContainerItemProxy */ = {
			isa = PBXContainerItemProxy;
			containerPortal = 313B1D071D74127D00F7BCFB /* Project object */;
			proxyType = 1;
			remoteGlobalIDString = 313B1D0E1D74127D00F7BCFB;
			remoteInfo = HelloiOS;
		};
/* End PBXContainerItemProxy section */

/* Begin PBXFileReference section */
		313B1D0F1D74127D00F7BCFB /* HelloiOS.app */ = {isa = PBXFileReference; explicitFileType = wrapper.application; includeInIndex = 0; path = HelloiOS.app; sourceTree = BUILT_PRODUCTS_DIR; };
		313B1D121D74127D00F7BCFB /* AppDelegate.swift */ = {isa = PBXFileReference; lastKnownFileType = sourcecode.swift; path = AppDelegate.swift; sourceTree = "<group>"; };
		313B1D141D74127D00F7BCFB /* ViewController.swift */ = {isa = PBXFileReference; lastKnownFileType = sourcecode.swift; path = ViewController.swift; sourceTree = "<group>"; };
		313B1D171D74127D00F7BCFB /* Base */ = {isa = PBXFileReference; lastKnownFileType = file.storyboard; name = Base; path = Base.lproj/Main.storyboard; sourceTree = "<group>"; };
		313B1D191D74127D00F7BCFB /* Assets.xcassets */ = {isa = PBXFileReference; lastKnownFileType = folder.assetcatalog; path = Assets.xcassets; sourceTree = "<group>"; };
		313B1D1C1D74127D00F7BCFB /* Base */ = {isa = PBXFileReference; lastKnownFileType = file.storyboard; name = Base; path = Base.lproj/LaunchScreen.storyboard; sourceTree = "<group>"; };
		313B1D1E1D74127D00F7BCFB /* Info.plist */ = {isa = PBXFileReference; lastKnownFileType = text.plist.xml; path = Info.plist; sourceTree = "<group>"; };
		313B1D231D74127D00F7BCFB /* HelloiOSTests.xctest */ = {isa = PBXFileReference; explicitFileType = wrapper.cfbundle; includeInIndex = 0; path = HelloiOSTests.xctest; sourceTree = BUILT_PRODUCTS_DIR; };
		313B1D271D74127D00F7BCFB /* HelloiOSTests.swift */ = {isa = PBXFileReference; lastKnownFileType = sourcecode.swift; path = HelloiOSTests.swift; sourceTree = "<group>"; };
		313B1D291D74127D00F7BCFB /* Info.plist */ = {isa = PBXFileReference; lastKnownFileType = text.plist.xml; path = Info.plist; sourceTree = "<group>"; };
		313B1D2E1D74127D00F7BCFB /* HelloiOSUITests.xctest */ = {isa = PBXFileReference; explicitFileType = wrapper.cfbundle; includeInIndex = 0; path = HelloiOSUITests.xctest; sourceTree = BUILT_PRODUCTS_DIR; };
		313B1D321D74127D00F7BCFB /* HelloiOSUITests.swift */ = {isa = PBXFileReference; lastKnownFileType = sourcecode.swift; path = HelloiOSUITests.swift; sourceTree = "<group>"; };
		313B1D341D74127D00F7BCFB /* Info.plist */ = {isa = PBXFileReference; lastKnownFileType = text.plist.xml; path = Info.plist; sourceTree = "<group>"; };
/* End PBXFileReference section */

/* Begin PBXFrameworksBuildPhase section */
		313B1D0C1D74127D00F7BCFB /* Frameworks */ = {
			isa = PBXFrameworksBuildPhase;
			buildActionMask = 2147483647;
			files = (
			);
			runOnlyForDeploymentPostprocessing = 0;
		};
		313B1D201D74127D00F7BCFB /* Frameworks */ = {
			isa = PBXFrameworksBuildPhase;
			buildActionMask = 2147483647;
			files = (
			);
			runOnlyForDeploymentPostprocessing = 0;
		};
		313B1D2B1D74127D00F7BCFB /* Frameworks */ = {
			isa = PBXFrameworksBuildPhase;
			buildActionMask = 2147483647;
			files = (
			);
			runOnlyForDeploymentPostprocessing = 0;
		};
/* End PBXFrameworksBuildPhase section */

/* Begin PBXGroup section */
		313B1D061D74127D00F7BCFB = {
			isa = PBXGroup;
			children = (
				313B1D111D74127D00F7BCFB /* HelloiOS */,
				313B1D261D74127D00F7BCFB /* HelloiOSTests */,
				313B1D311D74127D00F7BCFB /* HelloiOSUITests */,
				313B1D101D74127D00F7BCFB /* Products */,
			);
			sourceTree = "<group>";
		};
		313B1D101D74127D00F7BCFB /* Products */ = {
			isa = PBXGroup;
			children = (
				313B1D0F1D74127D00F7BCFB /* HelloiOS.app */,
				313B1D231D74127D00F7BCFB /* HelloiOSTests.xctest */,
				313B1D2E1D74127D00F7BCFB /* HelloiOSUITests.xctest */,
			);
			name = Products;
			sourceTree = "<group>";
		};
		313B1D111D74127D00F7BCFB /* HelloiOS */ = {
			isa = PBXGroup;
			children = (
				313B1D121D74127D00F7BCFB /* AppDelegate.swift */,
				313B1D141D74127D00F7BCFB /* ViewController.swift */,
				313B1D161D74127D00F7BCFB /* Main.storyboard */,
				313B1D191D74127D00F7BCFB /* Assets.xcassets */,
				313B1D1B1D74127D00F7BCFB /* LaunchScreen.storyboard */,
				313B1D1E1D74127D00F7BCFB /* Info.plist */,
			);
			path = HelloiOS;
			sourceTree = "<group>";
		};
		313B1D261D74127D00F7BCFB /* HelloiOSTests */ = {
			isa = PBXGroup;
			children = (
				313B1D271D74127D00F7BCFB /* HelloiOSTests.swift */,
				313B1D291D74127D00F7BCFB /* Info.plist */,
			);
			path = HelloiOSTests;
			sourceTree = "<group>";
		};
		313B1D311D74127D00F7BCFB /* HelloiOSUITests */ = {
			isa = PBXGroup;
			children = (
				313B1D321D74127D00F7BCFB /* HelloiOSUITests.swift */,
				313B1D341D74127D00F7BCFB /* Info.plist */,
			);
			path = HelloiOSUITests;
			sourceTree = "<group>";
		};
/* End PBXGroup section */

/* Begin PBXNativeTarget section */
		313B1D0E1D74127D00F7BCFB /* HelloiOS */ = {
			isa = PBXNativeTarget;
			buildConfigurationList = 313B1D371D74127D00F7BCFB /* Build configuration list for PBXNativeTarget "HelloiOS" */;
			buildPhases = (
				313B1D0B1D74127D00F7BCFB /* Sources */,
				313B1D0C1D74127D00F7BCFB /* Frameworks */,
				313B1D0D1D74127D00F7BCFB /* Resources */,
			);
			buildRules = (
			);
			dependencies = (
			);
			name = HelloiOS;
			productName = HelloiOS;
			productReference = 313B1D0F1D74127D00F7BCFB /* HelloiOS.app */;
			productType = "com.apple.product-type.application";
		};
		313B1D221D74127D00F7BCFB /* HelloiOSTests */ = {
			isa = PBXNativeTarget;
			buildConfigurationList = 313B1D3A1D74127D00F7BCFB /* Build configuration list for PBXNativeTarget "HelloiOSTests" */;
			buildPhases = (
				313B1D1F1D74127D00F7BCFB /* Sources */,
				313B1D201D74127D00F7BCFB /* Frameworks */,
				313B1D211D74127D00F7BCFB /* Resources */,
			);
			buildRules = (
			);
			dependencies = (
				313B1D251D74127D00F7BCFB /* PBXTargetDependency */,
			);
			name = HelloiOSTests;
			productName = HelloiOSTests;
			productReference = 313B1D231D74127D00F7BCFB /* HelloiOSTests.xctest */;
			productType = "com.apple.product-type.bundle.unit-test";
		};
		313B1D2D1D74127D00F7BCFB /* HelloiOSUITests */ = {
			isa = PBXNativeTarget;
			buildConfigurationList = 313B1D3D1D74127D00F7BCFB /* Build configuration list for PBXNativeTarget "HelloiOSUITests" */;
			buildPhases = (
				313B1D2A1D74127D00F7BCFB /* Sources */,
				313B1D2B1D74127D00F7BCFB /* Frameworks */,
				313B1D2C1D74127D00F7BCFB /* Resources */,
			);
			buildRules = (
			);
			dependencies = (
				313B1D301D74127D00F7BCFB /* PBXTargetDependency */,
			);
			name = HelloiOSUITests;
			productName = HelloiOSUITests;
			productReference = 313B1D2E1D74127D00F7BCFB /* HelloiOSUITests.xctest */;
			productType = "com.apple.product-type.bundle.ui-testing";
		};
/* End PBXNativeTarget section */

/* Begin PBXProject section */
		313B1D071D74127D00F7BCFB /* Project object */ = {
			isa = PBXProject;
			attributes = {
				LastSwiftUpdateCheck = 0730;
				LastUpgradeCheck = 0730;
				ORGANIZATIONNAME = plter;
				TargetAttributes = {
					313B1D0E1D74127D00F7BCFB = {
						CreatedOnToolsVersion = 7.3.1;
						DevelopmentTeam = MDMP7FR5UC;
					};
					313B1D221D74127D00F7BCFB = {
						CreatedOnToolsVersion = 7.3.1;
						TestTargetID = 313B1D0E1D74127D00F7BCFB;
					};
					313B1D2D1D74127D00F7BCFB = {
						CreatedOnToolsVersion = 7.3.1;
						TestTargetID = 313B1D0E1D74127D00F7BCFB;
					};
				};
			};
			buildConfigurationList = 313B1D0A1D74127D00F7BCFB /* Build configuration list for PBXProject "HelloiOS" */;
			compatibilityVersion = "Xcode 3.2";
			developmentRegion = English;
			hasScannedForEncodings = 0;
			knownRegions = (
				en,
				Base,
			);
			mainGroup = 313B1D061D74127D00F7BCFB;
			productRefGroup = 313B1D101D74127D00F7BCFB /* Products */;
			projectDirPath = "";
			projectRoot = "";
			targets = (
				313B1D0E1D74127D00F7BCFB /* HelloiOS */,
				313B1D221D74127D00F7BCFB /* HelloiOSTests */,
				313B1D2D1D74127D00F7BCFB /* HelloiOSUITests */,
			);
		};
/* End PBXProject section */

/* Begin PBXResourcesBuildPhase section */
		313B1D0D1D74127D00F7BCFB /* Resources */ = {
			isa = PBXResourcesBuildPhase;
			buildActionMask = 2147483647;
			files = (
				313B1D1D1D74127D00F7BCFB /* LaunchScreen.storyboard in Resources */,
				313B1D1A1D74127D00F7BCFB /* Assets.xcassets in Resources */,
				313B1D181D74127D00F7BCFB /* Main.storyboard in Resources */,
			);
			runOnlyForDeploymentPostprocessing = 0;
		};
		313B1D211D74127D00F7BCFB /* Resources */ = {
			isa = PBXResourcesBuildPhase;
			buildActionMask = 2147483647;
			files = (
			);
			runOnlyForDeploymentPostprocessing = 0;
		};
		313B1D2C1D74127D00F7BCFB /* Resources */ = {
			isa = PBXResourcesBuildPhase;
			buildActionMask = 2147483647;
			files = (
			);
			runOnlyForDeploymentPostprocessing = 0;
		};
/* End PBXResourcesBuildPhase section */

/* Begin PBXSourcesBuildPhase section */
		313B1D0B1D74127D00F7BCFB /* Sources */ = {
			isa = PBXSourcesBuildPhase;
			buildActionMask = 2147483647;
			files = (
				313B1D151D74127D00F7BCFB /* ViewController.swift in Sources */,
				313B1D131D74127D00F7BCFB /* AppDelegate.swift in Sources */,
			);
			runOnlyForDeploymentPostprocessing = 0;
		};
		313B1D1F1D74127D00F7BCFB /* Sources */ = {
			isa = PBXSourcesBuildPhase;
			buildActionMask = 2147483647;
			files = (
				313B1D281D74127D00F7BCFB /* HelloiOSTests.swift in Sources */,
			);
			runOnlyForDeploymentPostprocessing = 0;
		};
		313B1D2A1D74127D00F7BCFB /* Sources */ = {
			isa = PBXSourcesBuildPhase;
			buildActionMask = 2147483647;
			files = (
				313B1D331D74127D00F7BCFB /* HelloiOSUITests.swift in Sources */,
			);
			runOnlyForDeploymentPostprocessing = 0;
		};
/* End PBXSourcesBuildPhase section */

/* Begin PBXTargetDependency section */
		313B1D251D74127D00F7BCFB /* PBXTargetDependency */ = {
			isa = PBXTargetDependency;
			target = 313B1D0E1D74127D00F7BCFB /* HelloiOS */;
			targetProxy = 313B1D241D74127D00F7BCFB /* PBXContainerItemProxy */;
		};
		313B1D301D74127D00F7BCFB /* PBXTargetDependency */ = {
			isa = PBXTargetDependency;
			target = 313B1D0E1D74127D00F7BCFB /* HelloiOS */;
			targetProxy = 313B1D2F1D74127D00F7BCFB /* PBXContainerItemProxy */;
		};
/* End PBXTargetDependency section */

/* Begin PBXVariantGroup section */
		313B1D161D74127D00F7BCFB /* Main.storyboard */ = {
			isa = PBXVariantGroup;
			children = (
				313B1D171D74127D00F7BCFB /* Base */,
			);
			name = Main.storyboard;
			sourceTree = "<group>";
		};
		313B1D1B1D74127D00F7BCFB /* LaunchScreen.storyboard */ = {
			isa = PBXVariantGroup;
			children = (
				313B1D1C1D74127D00F7BCFB /* Base */,
			);
			name = LaunchScreen.storyboard;
			sourceTree = "<group>";
		};
/* End PBXVariantGroup section */

/* Begin XCBuildConfiguration section */
		313B1D351D74127D00F7BCFB /* Debug */ = {
			isa = XCBuildConfiguration;
			buildSettings = {
				ALWAYS_SEARCH_USER_PATHS = NO;
				CLANG_ANALYZER_NONNULL = YES;
				CLANG_CXX_LANGUAGE_STANDARD = "gnu++0x";
				CLANG_CXX_LIBRARY = "libc++";
				CLANG_ENABLE_MODULES = YES;
				CLANG_ENABLE_OBJC_ARC = YES;
				CLANG_WARN_BOOL_CONVERSION = YES;
				CLANG_WARN_CONSTANT_CONVERSION = YES;
				CLANG_WARN_DIRECT_OBJC_ISA_USAGE = YES_ERROR;
				CLANG_WARN_EMPTY_BODY = YES;
				CLANG_WARN_ENUM_CONVERSION = YES;
				CLANG_WARN_INT_CONVERSION = YES;
				CLANG_WARN_OBJC_ROOT_CLASS = YES_ERROR;
				CLANG_WARN_UNREACHABLE_CODE = YES;
				CLANG_WARN__DUPLICATE_METHOD_MATCH = YES;
				"CODE_SIGN_IDENTITY[sdk=iphoneos*]" = "iPhone Developer";
				COPY_PHASE_STRIP = NO;
				DEBUG_INFORMATION_FORMAT = dwarf;
				ENABLE_STRICT_OBJC_MSGSEND = YES;
				ENABLE_TESTABILITY = YES;
				GCC_C_LANGUAGE_STANDARD = gnu99;
				GCC_DYNAMIC_NO_PIC = NO;
				GCC_NO_COMMON_BLOCKS = YES;
				GCC_OPTIMIZATION_LEVEL = 0;
				GCC_PREPROCESSOR_DEFINITIONS = (
					"DEBUG=1",
					"$(inherited)",
				);
				GCC_WARN_64_TO_32_BIT_CONVERSION = YES;
				GCC_WARN_ABOUT_RETURN_TYPE = YES_ERROR;
				GCC_WARN_UNDECLARED_SELECTOR = YES;
				GCC_WARN_UNINITIALIZED_AUTOS = YES_AGGRESSIVE;
				GCC_WARN_UNUSED_FUNCTION = YES;
				GCC_WARN_UNUSED_VARIABLE = YES;
				IPHONEOS_DEPLOYMENT_TARGET = 9.3;
				MTL_ENABLE_DEBUG_INFO = YES;
				ONLY_ACTIVE_ARCH = YES;
				SDKROOT = iphoneos;
				SWIFT_OPTIMIZATION_LEVEL = "-Onone";
				TARGETED_DEVICE_FAMILY = "1,2";
			};
			name = Debug;
		};
		313B1D361D74127D00F7BCFB /* Release */ = {
			isa = XCBuildConfiguration;
			buildSettings = {
				ALWAYS_SEARCH_USER_PATHS = NO;
				CLANG_ANALYZER_NONNULL = YES;
				CLANG_CXX_LANGUAGE_STANDARD = "gnu++0x";
				CLANG_CXX_LIBRARY = "libc++";
				CLANG_ENABLE_MODULES = YES;
				CLANG_ENABLE_OBJC_ARC = YES;
				CLANG_WARN_BOOL_CONVERSION = YES;
				CLANG_WARN_CONSTANT_CONVERSION = YES;
				CLANG_WARN_DIRECT_OBJC_ISA_USAGE = YES_ERROR;
				CLANG_WARN_EMPTY_BODY = YES;
				CLANG_WARN_ENUM_CONVERSION = YES;
				CLANG_WARN_INT_CONVERSION = YES;
				CLANG_WARN_OBJC_ROOT_CLASS = YES_ERROR;
				CLANG_WARN_UNREACHABLE_CODE = YES;
				CLANG_WARN__DUPLICATE_METHOD_MATCH = YES;
				"CODE_SIGN_IDENTITY[sdk=iphoneos*]" = "iPhone Developer";
				COPY_PHASE_STRIP = NO;
				DEBUG_INFORMATION_FORMAT = "dwarf-with-dsym";
				ENABLE_NS_ASSERTIONS = NO;
				ENABLE_STRICT_OBJC_MSGSEND = YES;
				GCC_C_LANGUAGE_STANDARD = gnu99;
				GCC_NO_COMMON_BLOCKS = YES;
				GCC_WARN_64_TO_32_BIT_CONVERSION = YES;
				GCC_WARN_ABOUT_RETURN_TYPE = YES_ERROR;
				GCC_WARN_UNDECLARED_SELECTOR = YES;
				GCC_WARN_UNINITIALIZED_AUTOS = YES_AGGRESSIVE;
				GCC_WARN_UNUSED_FUNCTION = YES;
				GCC_WARN_UNUSED_VARIABLE = YES;
				IPHONEOS_DEPLOYMENT_TARGET = 9.3;
				MTL_ENABLE_DEBUG_INFO = NO;
				SDKROOT = iphoneos;
				TARGETED_DEVICE_FAMILY = "1,2";
				VALIDATE_PRODUCT = YES;
			};
			name = Release;
		};
		313B1D381D74127D00F7BCFB /* Debug */ = {
			isa = XCBuildConfiguration;
			buildSettings = {
				ASSETCATALOG_COMPILER_APPICON_NAME = AppIcon;
				CODE_SIGN_IDENTITY = "iPhone Developer";
				"CODE_SIGN_IDENTITY[sdk=iphoneos*]" = "iPhone Developer";
				INFOPLIST_FILE = HelloiOS/Info.plist;
				LD_RUNPATH_SEARCH_PATHS = "$(inherited) @executable_path/Frameworks";
				PRODUCT_BUNDLE_IDENTIFIER = com.plter.HelloiOS;
				PRODUCT_NAME = "$(TARGET_NAME)";
				PROVISIONING_PROFILE = "";
			};
			name = Debug;
		};
		313B1D391D74127D00F7BCFB /* Release */ = {
			isa = XCBuildConfiguration;
			buildSettings = {
				ASSETCATALOG_COMPILER_APPICON_NAME = AppIcon;
				CODE_SIGN_IDENTITY = "iPhone Developer";
				"CODE_SIGN_IDENTITY[sdk=iphoneos*]" = "iPhone Developer";
				INFOPLIST_FILE = HelloiOS/Info.plist;
				LD_RUNPATH_SEARCH_PATHS = "$(inherited) @executable_path/Frameworks";
				PRODUCT_BUNDLE_IDENTIFIER = com.plter.HelloiOS;
				PRODUCT_NAME = "$(TARGET_NAME)";
				PROVISIONING_PROFILE = "";
			};
			name = Release;
		};
		313B1D3B1D74127D00F7BCFB /* Debug */ = {
			isa = XCBuildConfiguration;
			buildSettings = {
				BUNDLE_LOADER = "$(TEST_HOST)";
				INFOPLIST_FILE = HelloiOSTests/Info.plist;
				LD_RUNPATH_SEARCH_PATHS = "$(inherited) @executable_path/Frameworks @loader_path/Frameworks";
				PRODUCT_BUNDLE_IDENTIFIER = com.plter.HelloiOSTests;
				PRODUCT_NAME = "$(TARGET_NAME)";
				TEST_HOST = "$(BUILT_PRODUCTS_DIR)/HelloiOS.app/HelloiOS";
			};
			name = Debug;
		};
		313B1D3C1D74127D00F7BCFB /* Release */ = {
			isa = XCBuildConfiguration;
			buildSettings = {
				BUNDLE_LOADER = "$(TEST_HOST)";
				INFOPLIST_FILE = HelloiOSTests/Info.plist;
				LD_RUNPATH_SEARCH_PATHS = "$(inherited) @executable_path/Frameworks @loader_path/Frameworks";
				PRODUCT_BUNDLE_IDENTIFIER = com.plter.HelloiOSTests;
				PRODUCT_NAME = "$(TARGET_NAME)";
				TEST_HOST = "$(BUILT_PRODUCTS_DIR)/HelloiOS.app/HelloiOS";
			};
			name = Release;
		};
		313B1D3E1D74127D00F7BCFB /* Debug */ = {
			isa = XCBuildConfiguration;
			buildSettings = {
				INFOPLIST_FILE = HelloiOSUITests/Info.plist;
				LD_RUNPATH_SEARCH_PATHS = "$(inherited) @executable_path/Frameworks @loader_path/Frameworks";
				PRODUCT_BUNDLE_IDENTIFIER = com.plter.HelloiOSUITests;
				PRODUCT_NAME = "$(TARGET_NAME)";
				TEST_TARGET_NAME = HelloiOS;
			};
			name = Debug;
		};
		313B1D3F1D74127D00F7BCFB /* Release */ = {
			isa = XCBuildConfiguration;
			buildSettings = {
				INFOPLIST_FILE = HelloiOSUITests/Info.plist;
				LD_RUNPATH_SEARCH_PATHS = "$(inherited) @executable_path/Frameworks @loader_path/Frameworks";
				PRODUCT_BUNDLE_IDENTIFIER = com.plter.HelloiOSUITests;
				PRODUCT_NAME = "$(TARGET_NAME)";
				TEST_TARGET_NAME = HelloiOS;
			};
			name = Release;
		};
/* End XCBuildConfiguration section */

/* Begin XCConfigurationList section */
		313B1D0A1D74127D00F7BCFB /* Build configuration list for PBXProject "HelloiOS" */ = {
			isa = XCConfigurationList;
			buildConfigurations = (
				313B1D351D74127D00F7BCFB /* Debug */,
				313B1D361D74127D00F7BCFB /* Release */,
			);
			defaultConfigurationIsVisible = 0;
			defaultConfigurationName = Release;
		};
		313B1D371D74127D00F7BCFB /* Build configuration list for PBXNativeTarget "HelloiOS" */ = {
			isa = XCConfigurationList;
			buildConfigurations = (
				313B1D381D74127D00F7BCFB /* Debug */,
				313B1D391D74127D00F7BCFB /* Release */,
			);
			defaultConfigurationIsVisible = 0;
		};
		313B1D3A1D74127D00F7BCFB /* Build configuration list for PBXNativeTarget "HelloiOSTests" */ = {
			isa = XCConfigurationList;
			buildConfigurations = (
				313B1D3B1D74127D00F7BCFB /* Debug */,
				313B1D3C1D74127D00F7BCFB /* Release */,
			);
			defaultConfigurationIsVisible = 0;
		};
		313B1D3D1D74127D00F7BCFB /* Build configuration list for PBXNativeTarget "HelloiOSUITests" */ = {
			isa = XCConfigurationList;
			buildConfigurations = (
				313B1D3E1D74127D00F7BCFB /* Debug */,
				313B1D3F1D74127D00F7BCFB /* Release */,
			);
			defaultConfigurationIsVisible = 0;
		};
/* End XCConfigurationList section */
	};
	rootObject = 313B1D071D74127D00F7BCFB /* Project object */;
}
